
Microsoft Visual Studio Solution File, Format Version 12.00
# Visual Studio 2012
Project("{FAE04EC0-301F-11D3-BF4B-00C04F79EFBC}") = "TbotRssService", "TbotRssService\TbotRssService.csproj", "{48FAAA1C-CA72-4F36-9B0F-C8C79855B73F}"
EndProject
Project("{FAE04EC0-301F-11D3-BF4B-00C04F79EFBC}") = "TbotRssService.Tests", "TbotRssService.Tests\TbotRssService.Tests.csproj", "{2E9B775A-8F9D-4939-89EB-4F0F585A900E}"
EndProject
Global
	GlobalSection(SolutionConfigurationPlatforms) = preSolution
		Debug|Any CPU = Debug|Any CPU
		Release|Any CPU = Release|Any CPU
	EndGlobalSection
	GlobalSection(ProjectConfigurationPlatforms) = postSolution
		{48FAAA1C-CA72-4F36-9B0F-C8C79855B73F}.Debug|Any CPU.ActiveCfg = Debug|Any CPU
		{48FAAA1C-CA72-4F36-9B0F-C8C79855B73F}.Debug|Any CPU.Build.0 = Debug|Any CPU
		{48FAAA1C-CA72-4F36-9B0F-C8C79855B73F}.Release|Any CPU.ActiveCfg = Release|Any CPU
		{48FAAA1C-CA72-4F36-9B0F-C8C79855B73F}.Release|Any CPU.Build.0 = Release|Any CPU
		{2E9B775A-8F9D-4939-89EB-4F0F585A900E}.Debug|Any CPU.ActiveCfg = Debug|Any CPU
		{2E9B775A-8F9D-4939-89EB-4F0F585A900E}.Debug|Any CPU.Build.0 = Debug|Any CPU
		{2E9B775A-8F9D-4939-89EB-4F0F585A900E}.Release|Any CPU.ActiveCfg = Release|Any CPU
		{2E9B775A-8F9D-4939-89EB-4F0F585A900E}.Release|Any CPU.Build.0 = Release|Any CPU
	EndGlobalSection
	GlobalSection(SolutionProperties) = preSolution
		HideSolutionNode = FALSE
	EndGlobalSection
EndGlobal
